{
  "requires": true,
  "lockfileVersion": 1,
  "dependencies": {
    "bootstrap": {
      "version": "4.5.0",
      "resolved": "https://registry.npmjs.org/bootstrap/-/bootstrap-4.5.0.tgz",
      "integrity": "sha512-Z93QoXvodoVslA+PWNdk23Hze4RBYIkpb5h8I2HY2Tu2h7A0LpAgLcyrhrSUyo2/Oxm2l1fRZPs1e5hnxnliXA=="
    },
    "d3-array": {
      "version": "1.2.4",
      "resolved": "https://registry.npmjs.org/d3-array/-/d3-array-1.2.4.tgz",
      "integrity": "sha512-KHW6M86R+FUPYGb3R5XiYjXPq7VzwxZ22buHhAEVG5ztoEcZZMLov530mmccaqA1GghZArjQV46fuc8kUqhhHw=="
    },
    "d3-collection": {
      "version": "1.0.7",
      "resolved": "https://registry.npmjs.org/d3-collection/-/d3-collection-1.0.7.tgz",
      "integrity": "sha512-ii0/r5f4sjKNTfh84Di+DpztYwqKhEyUlKoPrzUFfeSkWxjW49xU2QzO9qrPrNkpdI0XJkfzvmTu8V2Zylln6A=="
    },
    "d3-color": {
      "version": "1.4.1",
      "resolved": "https://registry.npmjs.org/d3-color/-/d3-color-1.4.1.tgz",
      "integrity": "sha512-p2sTHSLCJI2QKunbGb7ocOh7DgTAn8IrLx21QRc/BSnodXM4sv6aLQlnfpvehFMLZEfBc6g9pH9SWQccFYfJ9Q=="
    },
    "d3-ease": {
      "version": "1.0.6",
      "resolved": "https://registry.npmjs.org/d3-ease/-/d3-ease-1.0.6.tgz",
      "integrity": "sha512-SZ/lVU7LRXafqp7XtIcBdxnWl8yyLpgOmzAk0mWBI9gXNzLDx5ybZgnRbH9dN/yY5tzVBqCQ9avltSnqVwessQ=="
    },
    "d3-format": {
      "version": "1.4.4",
      "resolved": "https://registry.npmjs.org/d3-format/-/d3-format-1.4.4.tgz",
      "integrity": "sha512-TWks25e7t8/cqctxCmxpUuzZN11QxIA7YrMbram94zMQ0PXjE4LVIMe/f6a4+xxL8HQ3OsAFULOINQi1pE62Aw=="
    },
    "d3-interpolate": {
      "version": "1.4.0",
      "resolved": "https://registry.npmjs.org/d3-interpolate/-/d3-interpolate-1.4.0.tgz",
      "integrity": "sha512-V9znK0zc3jOPV4VD2zZn0sDhZU3WAE2bmlxdIwwQPPzPjvyLkd8B3JUVdS1IDUFDkWZ72c9qnv1GK2ZagTZ8EA==",
      "requires": {
        "d3-color": "1"
      }
    },
    "d3-path": {
      "version": "1.0.9",
      "resolved": "https://registry.npmjs.org/d3-path/-/d3-path-1.0.9.tgz",
      "integrity": "sha512-VLaYcn81dtHVTjEHd8B+pbe9yHWpXKZUC87PzoFmsFrJqgFwDe/qxfp5MlfsfM1V5E/iVt0MmEbWQ7FVIXh/bg=="
    },
    "d3-scale": {
      "version": "1.0.7",
      "resolved": "https://registry.npmjs.org/d3-scale/-/d3-scale-1.0.7.tgz",
      "integrity": "sha512-KvU92czp2/qse5tUfGms6Kjig0AhHOwkzXG0+PqIJB3ke0WUv088AHMZI0OssO9NCkXt4RP8yju9rpH8aGB7Lw==",
      "requires": {
        "d3-array": "^1.2.0",
        "d3-collection": "1",
        "d3-color": "1",
        "d3-format": "1",
        "d3-interpolate": "1",
        "d3-time": "1",
        "d3-time-format": "2"
      }
    },
    "d3-shape": {
      "version": "1.3.7",
      "resolved": "https://registry.npmjs.org/d3-shape/-/d3-shape-1.3.7.tgz",
      "integrity": "sha512-EUkvKjqPFUAZyOlhY5gzCxCeI0Aep04LwIRpsZ/mLFelJiUfnK56jo5JMDSE7yyP2kLSb6LtF+S5chMk7uqPqw==",
      "requires": {
        "d3-path": "1"
      }
    },
    "d3-time": {
      "version": "1.1.0",
      "resolved": "https://registry.npmjs.org/d3-time/-/d3-time-1.1.0.tgz",
      "integrity": "sha512-Xh0isrZ5rPYYdqhAVk8VLnMEidhz5aP7htAADH6MfzgmmicPkTo8LhkLxci61/lCB7n7UmE3bN0leRt+qvkLxA=="
    },
    "d3-time-format": {
      "version": "2.2.3",
      "resolved": "https://registry.npmjs.org/d3-time-format/-/d3-time-format-2.2.3.tgz",
      "integrity": "sha512-RAHNnD8+XvC4Zc4d2A56Uw0yJoM7bsvOlJR33bclxq399Rak/b9bhvu/InjxdWhPtkgU53JJcleJTGkNRnN6IA==",
      "requires": {
        "d3-time": "1"
      }
    },
    "d3-timer": {
      "version": "1.0.10",
      "resolved": "https://registry.npmjs.org/d3-timer/-/d3-timer-1.0.10.tgz",
      "integrity": "sha512-B1JDm0XDaQC+uvo4DT79H0XmBskgS3l6Ve+1SBCfxgmtIb1AVrPIoqd+nPSv+loMX8szQ0sVUhGngL7D5QPiXw=="
    },
    "d3-voronoi": {
      "version": "1.1.4",
      "resolved": "https://registry.npmjs.org/d3-voronoi/-/d3-voronoi-1.1.4.tgz",
      "integrity": "sha512-dArJ32hchFsrQ8uMiTBLq256MpnZjeuBtdHpaDlYuQyjU0CVzCJl/BVW+SkszaAeH95D/8gxqAhgx0ouAWAfRg=="
    },
    "delaunator": {
      "version": "4.0.1",
      "resolved": "https://registry.npmjs.org/delaunator/-/delaunator-4.0.1.tgz",
      "integrity": "sha512-WNPWi1IRKZfCt/qIDMfERkDp93+iZEmOxN2yy4Jg+Xhv8SLk2UTqqbe1sfiipn0and9QrE914/ihdx82Y/Giag=="
    },
    "delaunay-find": {
      "version": "0.0.5",
      "resolved": "https://registry.npmjs.org/delaunay-find/-/delaunay-find-0.0.5.tgz",
      "integrity": "sha512-7yAJ/wmKWj3SgqjtkGqT/RCwI0HWAo5YnHMoF5nYXD8cdci+YSo23iPmgrZUNOpDxRWN91PqxUvMMr2lKpjr+w==",
      "requires": {
        "delaunator": "^4.0.0"
      }
    },
    "js-tokens": {
      "version": "4.0.0",
      "resolved": "https://registry.npmjs.org/js-tokens/-/js-tokens-4.0.0.tgz",
      "integrity": "sha512-RdJUflcE3cUzKiMqQgsCu06FPu9UdIJO0beYbPhHN4k6apgJtifcoCtT9bcxOpYBtpD2kCM6Sbzg4CausW/PKQ=="
    },
    "lodash": {
      "version": "4.17.15",
      "resolved": "https://registry.npmjs.org/lodash/-/lodash-4.17.15.tgz",
      "integrity": "sha512-8xOcRHvCjnocdS5cpwXQXVzmmh5e5+saE2QGoeQmbKmRS6J3VQppPOIt0MnmE+4xlZoumy0GPG0D0MVIQbNA1A=="
    },
    "loose-envify": {
      "version": "1.4.0",
      "resolved": "https://registry.npmjs.org/loose-envify/-/loose-envify-1.4.0.tgz",
      "integrity": "sha512-lyuxPGr/Wfhrlem2CL/UcnUc1zcqKAImBDzukY7Y5F/yQiNdko6+fRLevlw1HgMySw7f611UIY408EtxRSoK3Q==",
      "requires": {
        "js-tokens": "^3.0.0 || ^4.0.0"
      }
    },
    "object-assign": {
      "version": "4.1.1",
      "resolved": "https://registry.npmjs.org/object-assign/-/object-assign-4.1.1.tgz",
      "integrity": "sha1-IQmtx5ZYh8/AXLvUQsrIv7s2CGM="
    },
    "prop-types": {
      "version": "15.7.2",
      "resolved": "https://registry.npmjs.org/prop-types/-/prop-types-15.7.2.tgz",
      "integrity": "sha512-8QQikdH7//R2vurIJSutZ1smHYTcLpRWEOlHnzcWHmBYrOGUysKwSsrC89BCiFj3CbrfJ/nXFdJepOVrY1GCHQ==",
      "requires": {
        "loose-envify": "^1.4.0",
        "object-assign": "^4.1.1",
        "react-is": "^16.8.1"
      }
    },
    "react-fast-compare": {
      "version": "2.0.4",
      "resolved": "https://registry.npmjs.org/react-fast-compare/-/react-fast-compare-2.0.4.tgz",
      "integrity": "sha512-suNP+J1VU1MWFKcyt7RtjiSWUjvidmQSlqu+eHslq+342xCbGTYmC0mEhPCOHxlW0CywylOC1u2DFAT+bv4dBw=="
    },
    "react-is": {
      "version": "16.13.1",
      "resolved": "https://registry.npmjs.org/react-is/-/react-is-16.13.1.tgz",
      "integrity": "sha512-24e6ynE2H+OKt4kqsOvNd8kBpV65zoxbA4BVsEOB3ARVWQki/DHzaUoC5KuON/BiccDaCCTZBuOcfZs70kR8bQ=="
    },
    "victory": {
      "version": "34.3.11",
      "resolved": "https://registry.npmjs.org/victory/-/victory-34.3.11.tgz",
      "integrity": "sha512-HDzXL4pioL8cMEkNNMBvhyW19jVE+p1pkWEACvYlGhdTXsf6b/8fN2+cCl2NiQG234KeAqPKpSkcHcdkhRQxRw==",
      "requires": {
        "victory-area": "^34.3.8",
        "victory-axis": "^34.3.8",
        "victory-bar": "^34.3.8",
        "victory-box-plot": "^34.3.8",
        "victory-brush-container": "^34.3.8",
        "victory-brush-line": "^34.3.8",
        "victory-candlestick": "^34.3.8",
        "victory-chart": "^34.3.11",
        "victory-core": "^34.3.8",
        "victory-create-container": "^34.3.10",
        "victory-cursor-container": "^34.3.10",
        "victory-errorbar": "^34.3.8",
        "victory-group": "^34.3.10",
        "victory-histogram": "^34.3.8",
        "victory-legend": "^34.3.8",
        "victory-line": "^34.3.8",
        "victory-pie": "^34.3.8",
        "victory-polar-axis": "^34.3.8",
        "victory-scatter": "^34.3.8",
        "victory-selection-container": "^34.3.8",
        "victory-shared-events": "^34.3.9",
        "victory-stack": "^34.3.9",
        "victory-tooltip": "^34.3.8",
        "victory-voronoi": "^34.3.8",
        "victory-voronoi-container": "^34.3.8",
        "victory-zoom-container": "^34.3.8"
      }
    },
    "victory-area": {
      "version": "34.3.8",
      "resolved": "https://registry.npmjs.org/victory-area/-/victory-area-34.3.8.tgz",
      "integrity": "sha512-iN5jqYxQ2qE5fGCWgJJ2YoObRgcY4h23GiFHee8OG8dKLDCQvsR4/ZKdI4I78iLrIJf4eHeKWW+1xXheoG6A6w==",
      "requires": {
        "d3-shape": "^1.2.0",
        "lodash": "^4.17.15",
        "prop-types": "^15.5.8",
        "victory-core": "^34.3.8"
      }
    },
    "victory-axis": {
      "version": "34.3.8",
      "resolved": "https://registry.npmjs.org/victory-axis/-/victory-axis-34.3.8.tgz",
      "integrity": "sha512-GD0/dJAV7hY22owiC3rKalJkf6C8WZsuu3HgzBYxySr7aiQgcJDhJ+T2DIH2DH7zUQi0FeD7lA1dyDagYdcnGA==",
      "requires": {
        "lodash": "^4.17.15",
        "prop-types": "^15.5.8",
        "victory-core": "^34.3.8"
      }
    },
    "victory-bar": {
      "version": "34.3.8",
      "resolved": "https://registry.npmjs.org/victory-bar/-/victory-bar-34.3.8.tgz",
      "integrity": "sha512-0LBT/DrScUTwgA1wkmZ1dI34Jt0sRM/1f+LKl92GAFQIQiwznzOFs0KBhywExf7weYw68mhVA6iUvwK+4uf17A==",
      "requires": {
        "d3-shape": "^1.2.0",
        "lodash": "^4.17.15",
        "prop-types": "^15.5.8",
        "victory-core": "^34.3.8"
      }
    },
    "victory-box-plot": {
      "version": "34.3.8",
      "resolved": "https://registry.npmjs.org/victory-box-plot/-/victory-box-plot-34.3.8.tgz",
      "integrity": "sha512-Y0n6tVeUZrLbUkK69rJiyY0rcLMAnbUrQ2kqq8d0JF+UrYfvZQBvr6M4IVVrI0zoGUpqmx7ach5VTD6g6VEiug==",
      "requires": {
        "d3-array": "^1.2.0",
        "lodash": "^4.17.15",
        "prop-types": "^15.5.8",
        "victory-core": "^34.3.8"
      }
    },
    "victory-brush-container": {
      "version": "34.3.8",
      "resolved": "https://registry.npmjs.org/victory-brush-container/-/victory-brush-container-34.3.8.tgz",
      "integrity": "sha512-/vQy/yEmoiUkuzVKBdMIevpez0JsqcTqFdRQtXbRmgK+1Rxt6z0HgtQazGEm7K80xHw+2yajSyG5G68ksjFjqg==",
      "requires": {
        "lodash": "^4.17.15",
        "prop-types": "^15.5.8",
        "react-fast-compare": "^2.0.0",
        "victory-core": "^34.3.8"
      }
    },
    "victory-brush-line": {
      "version": "34.3.8",
      "resolved": "https://registry.npmjs.org/victory-brush-line/-/victory-brush-line-34.3.8.tgz",
      "integrity": "sha512-mY7ozEgTqvJCxxNhyHhOLk6M3CPDDFJKuUFT9B2vmQyPU5/EmFQuErVo6bl1hWkj1nzm5q916qt6GsVPC3mTdg==",
      "requires": {
        "lodash": "^4.17.15",
        "prop-types": "^15.5.8",
        "react-fast-compare": "^2.0.0",
        "victory-core": "^34.3.8"
      }
    },
    "victory-candlestick": {
      "version": "34.3.8",
      "resolved": "https://registry.npmjs.org/victory-candlestick/-/victory-candlestick-34.3.8.tgz",
      "integrity": "sha512-qvaEJsNPjKN25yu9TcH8+PZ2yBTOXvgH9Faup37jeIoKXtTVaHI1uYuZcLlp542tSbAnq/5EkQTiPXCx/C31Lg==",
      "requires": {
        "lodash": "^4.17.15",
        "prop-types": "^15.5.8",
        "victory-core": "^34.3.8"
      }
    },
    "victory-chart": {
      "version": "34.3.11",
      "resolved": "https://registry.npmjs.org/victory-chart/-/victory-chart-34.3.11.tgz",
      "integrity": "sha512-Fj9xWzS9649addJm9pd3pxVRoiDHoNx4p9yNLwiOgSSSPrJjJd7okGk+q5fxfVyVbztMXKsuJZ5C1OJ8qanDWQ==",
      "requires": {
        "lodash": "^4.17.15",
        "prop-types": "^15.5.8",
        "react-fast-compare": "^2.0.0",
        "victory-axis": "^34.3.8",
        "victory-core": "^34.3.8",
        "victory-polar-axis": "^34.3.8",
        "victory-shared-events": "^34.3.9"
      }
    },
    "victory-core": {
      "version": "34.3.8",
      "resolved": "https://registry.npmjs.org/victory-core/-/victory-core-34.3.8.tgz",
      "integrity": "sha512-m3xRt05VywEb3rgAzDAZ1pgWcjeyazbRzLLmXyrS+78U/AkmvZFjgq+26o+3+tqD7s7O4jvSeFqg0XmVi51+EQ==",
      "requires": {
        "d3-ease": "^1.0.0",
        "d3-interpolate": "^1.1.1",
        "d3-scale": "^1.0.0",
        "d3-shape": "^1.2.0",
        "d3-timer": "^1.0.0",
        "lodash": "^4.17.15",
        "prop-types": "^15.5.8",
        "react-fast-compare": "^2.0.0"
      }
    },
    "victory-create-container": {
      "version": "34.3.10",
      "resolved": "https://registry.npmjs.org/victory-create-container/-/victory-create-container-34.3.10.tgz",
      "integrity": "sha512-JUlUHfw3Lzw8as8kyYlj2sFkrU7ER+kC/bSGDUIyYZ9ChVdXc4xy/9DzgXA/lswp5JhE92p+TGaDXToUn8UygA==",
      "requires": {
        "lodash": "^4.17.15",
        "victory-brush-container": "^34.3.8",
        "victory-core": "^34.3.8",
        "victory-cursor-container": "^34.3.10",
        "victory-selection-container": "^34.3.8",
        "victory-voronoi-container": "^34.3.8",
        "victory-zoom-container": "^34.3.8"
      }
    },
    "victory-cursor-container": {
      "version": "34.3.10",
      "resolved": "https://registry.npmjs.org/victory-cursor-container/-/victory-cursor-container-34.3.10.tgz",
      "integrity": "sha512-Gve4i6fjhklCTW/k+RYZBf6UBAq4M/1HA32KEa/TtrQVaewLUu7O564ndcQDCqWiQEIBjKdSbEfgiq6fqT9zag==",
      "requires": {
        "lodash": "^4.17.15",
        "prop-types": "^15.5.8",
        "victory-core": "^34.3.8"
      }
    },
    "victory-errorbar": {
      "version": "34.3.8",
      "resolved": "https://registry.npmjs.org/victory-errorbar/-/victory-errorbar-34.3.8.tgz",
      "integrity": "sha512-AIHK3LMj3HapFQthls58C6oma0reDmCNFJoqhor+9LFC0KTCsCrIZXFthSyDtzT+arOxuB6vu3j4ayOGXsurkA==",
      "requires": {
        "lodash": "^4.17.15",
        "prop-types": "^15.5.8",
        "victory-core": "^34.3.8"
      }
    },
    "victory-group": {
      "version": "34.3.10",
      "resolved": "https://registry.npmjs.org/victory-group/-/victory-group-34.3.10.tgz",
      "integrity": "sha512-PAUjqs5O+lPc50ZB9/TK7dx/ICCB0/jscl9ZwjxcpogfQhXL/hDnOCoaF+TpH9KuvK4Tth1DQIVzw7TaUxeeWA==",
      "requires": {
        "lodash": "^4.17.15",
        "prop-types": "^15.5.8",
        "react-fast-compare": "^2.0.0",
        "victory-core": "^34.3.8",
        "victory-shared-events": "^34.3.9"
      }
    },
    "victory-histogram": {
      "version": "34.3.8",
      "resolved": "https://registry.npmjs.org/victory-histogram/-/victory-histogram-34.3.8.tgz",
      "integrity": "sha512-MVstAEDkWNJ6d5obAgp2TSoex+GYsXToBcgR0QMEJPj2TAKAetrUOM94H/cBzjbSQG6xo+rdNM/Ena1Sqmn2cQ==",
      "requires": {
        "d3-array": "^2.4.0",
        "d3-scale": "^1.0.0",
        "lodash": "^4.17.15",
        "prop-types": "^15.5.8",
        "react-fast-compare": "^2.0.0",
        "victory-bar": "^34.3.8",
        "victory-core": "^34.3.8"
      },
      "dependencies": {
        "d3-array": {
          "version": "2.4.0",
          "resolved": "https://registry.npmjs.org/d3-array/-/d3-array-2.4.0.tgz",
          "integrity": "sha512-KQ41bAF2BMakf/HdKT865ALd4cgND6VcIztVQZUTt0+BH3RWy6ZYnHghVXf6NFjt2ritLr8H1T8LreAAlfiNcw=="
        }
      }
    },
    "victory-legend": {
      "version": "34.3.8",
      "resolved": "https://registry.npmjs.org/victory-legend/-/victory-legend-34.3.8.tgz",
      "integrity": "sha512-FZRCK2rETIUIS9rSbLPBgvwTetKfnT/MwvOnTG+wD29fio7cHloGHHAhxbTbhFFcs9AQRKZVpgsOA+nlb4Byew==",
      "requires": {
        "lodash": "^4.17.15",
        "prop-types": "^15.5.8",
        "victory-core": "^34.3.8"
      }
    },
    "victory-line": {
      "version": "34.3.8",
      "resolved": "https://registry.npmjs.org/victory-line/-/victory-line-34.3.8.tgz",
      "integrity": "sha512-lxA+ncyusT230wHOzrY0SzFWQLHTHjJVA558AkrV9zB7lcUblxMoeUhaV2hgv9yWfhi6Dy/Ap3drH/Vnnz/n0Q==",
      "requires": {
        "d3-shape": "^1.2.0",
        "lodash": "^4.17.15",
        "prop-types": "^15.5.8",
        "victory-core": "^34.3.8"
      }
    },
    "victory-pie": {
      "version": "34.3.8",
      "resolved": "https://registry.npmjs.org/victory-pie/-/victory-pie-34.3.8.tgz",
      "integrity": "sha512-S23Y9cBsYEe/EWcVjz9Nfu/F905yjRWtVhoCEf6e+tJp3Fy7cUBQOyE1UiNKm9LEoUxrOSHhsmS4d23qIWuw6w==",
      "requires": {
        "d3-shape": "^1.0.0",
        "lodash": "^4.17.15",
        "prop-types": "^15.5.8",
        "victory-core": "^34.3.8"
      }
    },
    "victory-polar-axis": {
      "version": "34.3.8",
      "resolved": "https://registry.npmjs.org/victory-polar-axis/-/victory-polar-axis-34.3.8.tgz",
      "integrity": "sha512-8ziguUnYzVlHL699AwVVUhaRSXdV1+zwi1ycE/ouW/9QyzC32NVsq+De2S8Sxf3PJ2wbOF51B6/kAWrppsNhGw==",
      "requires": {
        "lodash": "^4.17.15",
        "prop-types": "^15.5.8",
        "victory-core": "^34.3.8"
      }
    },
    "victory-scatter": {
      "version": "34.3.8",
      "resolved": "https://registry.npmjs.org/victory-scatter/-/victory-scatter-34.3.8.tgz",
      "integrity": "sha512-xocPcCD1um6DhcB6h+3ENbXlesd1EzhwVdIuLHmvdM2t32UpVxH+kX9gv/rvtDRoIaZNpb8vlbu/jWJJDY8K/g==",
      "requires": {
        "lodash": "^4.17.15",
        "prop-types": "^15.5.8",
        "victory-core": "^34.3.8"
      }
    },
    "victory-selection-container": {
      "version": "34.3.8",
      "resolved": "https://registry.npmjs.org/victory-selection-container/-/victory-selection-container-34.3.8.tgz",
      "integrity": "sha512-Nb+EITn2REY8NtE29qlxv2ypM2fWrqVlhx8QYpeIFngii7VXeinudTF7bkDqL5XDurmce+P//WQ86nMtOLgGig==",
      "requires": {
        "lodash": "^4.17.15",
        "prop-types": "^15.5.8",
        "victory-core": "^34.3.8"
      }
    },
    "victory-shared-events": {
      "version": "34.3.9",
      "resolved": "https://registry.npmjs.org/victory-shared-events/-/victory-shared-events-34.3.9.tgz",
      "integrity": "sha512-cW4/tI2VDB+R3LzD0ZtjRc1Bo5X5CCPIZ6hJ/8q9nAfyvitHdpPyL42kO5/o2v62ksSl0kR0Zlyn4eEonXKKpg==",
      "requires": {
        "lodash": "^4.17.15",
        "prop-types": "^15.5.8",
        "react-fast-compare": "^2.0.0",
        "victory-core": "^34.3.8"
      }
    },
    "victory-stack": {
      "version": "34.3.9",
      "resolved": "https://registry.npmjs.org/victory-stack/-/victory-stack-34.3.9.tgz",
      "integrity": "sha512-wTbEeYFOyG/i5o2YA5blJFXb/+arCEfuzxBTg44Yu2fOcd9MJs9amBwlOo+e94Dd+pwsQeMvkzhpRKYlzFXsdQ==",
      "requires": {
        "lodash": "^4.17.15",
        "prop-types": "^15.5.8",
        "react-fast-compare": "^2.0.0",
        "victory-core": "^34.3.8",
        "victory-shared-events": "^34.3.9"
      }
    },
    "victory-tooltip": {
      "version": "34.3.8",
      "resolved": "https://registry.npmjs.org/victory-tooltip/-/victory-tooltip-34.3.8.tgz",
      "integrity": "sha512-iJ/VoDS7DphDHnYZqcfvTY/q0XMvOjU3DjwVE/A9MaQAbu+xmdYSgIn7BG5YIjSpuUglzi7h3xmK248m0RnyCw==",
      "requires": {
        "lodash": "^4.17.15",
        "prop-types": "^15.5.8",
        "victory-core": "^34.3.8"
      }
    },
    "victory-voronoi": {
      "version": "34.3.8",
      "resolved": "https://registry.npmjs.org/victory-voronoi/-/victory-voronoi-34.3.8.tgz",
      "integrity": "sha512-xXn3iYk9SPm8eRofU+tyk6dWPt7hwm29068M1l6AHGfjwI1Z/wLBc+VrlIPiqswBtLc3umxvmxurXQsqH3k8NQ==",
      "requires": {
        "d3-voronoi": "^1.1.2",
        "lodash": "^4.17.15",
        "prop-types": "^15.5.8",
        "victory-core": "^34.3.8"
      }
    },
    "victory-voronoi-container": {
      "version": "34.3.8",
      "resolved": "https://registry.npmjs.org/victory-voronoi-container/-/victory-voronoi-container-34.3.8.tgz",
      "integrity": "sha512-wx46Mf3BEprtuQ2CRod6KcO1MHm0wxOEn/NO9qzOi3GnnD+CVsVfvIG6gFTDbjoo+fsKE7fW8AWYWo8oqx9fxg==",
      "requires": {
        "delaunay-find": "0.0.5",
        "lodash": "^4.17.15",
        "prop-types": "^15.5.8",
        "react-fast-compare": "^2.0.0",
        "victory-core": "^34.3.8",
        "victory-tooltip": "^34.3.8"
      }
    },
    "victory-zoom-container": {
      "version": "34.3.8",
      "resolved": "https://registry.npmjs.org/victory-zoom-container/-/victory-zoom-container-34.3.8.tgz",
      "integrity": "sha512-U39CScIXcOVgQqKqgboBTeGxLTkrBRxKi991HGEFI9fD22aNj4bCs+TR0k/qeAz6oi+oDkLvxI74D+7uSNQD1w==",
      "requires": {
        "lodash": "^4.17.15",
        "prop-types": "^15.5.8",
        "victory-core": "^34.3.8"
      }
    }
  }
}
